
Microsoft Visual Studio Solution File, Format Version 12.00
# Visual Studio Version 16
VisualStudioVersion = 16.0.29411.138
MinimumVisualStudioVersion = 10.0.40219.1
Project("{9A19103F-16F7-4668-BE54-9A1E7A4F7556}") = "CommEngine", "CommEngine.csproj", "{25D49F56-BFC9-4755-BBEC-5306EE9ADFBC}"
EndProject
Global
	GlobalSection(SolutionConfigurationPlatforms) = preSolution
		Debug|Any CPU = Debug|Any CPU
		Release|Any CPU = Release|Any CPU
	EndGlobalSection
	GlobalSection(ProjectConfigurationPlatforms) = postSolution
		{25D49F56-BFC9-4755-BBEC-5306EE9ADFBC}.Debug|Any CPU.ActiveCfg = Debug|Any CPU
		{25D49F56-BFC9-4755-BBEC-5306EE9ADFBC}.Debug|Any CPU.Build.0 = Debug|Any CPU
		{25D49F56-BFC9-4755-BBEC-5306EE9ADFBC}.Release|Any CPU.ActiveCfg = Release|Any CPU
		{25D49F56-BFC9-4755-BBEC-5306EE9ADFBC}.Release|Any CPU.Build.0 = Release|Any CPU
	EndGlobalSection
	GlobalSection(SolutionProperties) = preSolution
		HideSolutionNode = FALSE
	EndGlobalSection
	GlobalSection(ExtensibilityGlobals) = postSolution
		SolutionGuid = {7962D2C1-EE1A-4370-9ADF-6AD59096494D}
	EndGlobalSection
EndGlobal
